
Microsoft Visual Studio Solution File, Format Version 12.00
# Visual Studio Version 17
VisualStudioVersion = 17.12.35707.178
MinimumVisualStudioVersion = 10.0.40219.1
Project("{FAE04EC0-301F-11D3-BF4B-00C04F79EFBC}") = "3_ModuleOne_Alpha", "3_ModuleOne_Alpha\3_ModuleOne_Alpha.csproj", "{3F1AA059-9B70-4A84-8EC9-C9EE25DA170A}"
EndProject
Global
	GlobalSection(SolutionConfigurationPlatforms) = preSolution
		Debug|Any CPU = Debug|Any CPU
		Release|Any CPU = Release|Any CPU
	EndGlobalSection
	GlobalSection(ProjectConfigurationPlatforms) = postSolution
		{3F1AA059-9B70-4A84-8EC9-C9EE25DA170A}.Debug|Any CPU.ActiveCfg = Debug|Any CPU
		{3F1AA059-9B70-4A84-8EC9-C9EE25DA170A}.Debug|Any CPU.Build.0 = Debug|Any CPU
		{3F1AA059-9B70-4A84-8EC9-C9EE25DA170A}.Release|Any CPU.ActiveCfg = Release|Any CPU
		{3F1AA059-9B70-4A84-8EC9-C9EE25DA170A}.Release|Any CPU.Build.0 = Release|Any CPU
	EndGlobalSection
	GlobalSection(SolutionProperties) = preSolution
		HideSolutionNode = FALSE
	EndGlobalSection
EndGlobal
